
Microsoft Visual Studio Solution File, Format Version 12.00
# Visual Studio 14
VisualStudioVersion = 14.0.25420.1
MinimumVisualStudioVersion = 10.0.40219.1
Project("{FAE04EC0-301F-11D3-BF4B-00C04F79EFBC}") = "WEB API", "Main\WEB API.csproj", "{267D4EF9-6CB8-414F-A544-EBE7A8C12413}"
EndProject
Project("{FAE04EC0-301F-11D3-BF4B-00C04F79EFBC}") = "Business Specific Logic", "..\Business Specific Logic\Business Specific Logic.csproj", "{5A731A2D-A0E9-421E-94B8-474DF3F576EF}"
EndProject
Project("{FAE04EC0-301F-11D3-BF4B-00C04F79EFBC}") = "Reusable", "..\Reusable\Reusable.csproj", "{03D4D782-B0E0-4919-B416-3DF36F1D413F}"
EndProject
Global
	GlobalSection(SolutionConfigurationPlatforms) = preSolution
		Debug|Any CPU = Debug|Any CPU
		Release|Any CPU = Release|Any CPU
	EndGlobalSection
	GlobalSection(ProjectConfigurationPlatforms) = postSolution
		{267D4EF9-6CB8-414F-A544-EBE7A8C12413}.Debug|Any CPU.ActiveCfg = Debug|Any CPU
		{267D4EF9-6CB8-414F-A544-EBE7A8C12413}.Debug|Any CPU.Build.0 = Debug|Any CPU
		{267D4EF9-6CB8-414F-A544-EBE7A8C12413}.Release|Any CPU.ActiveCfg = Release|Any CPU
		{267D4EF9-6CB8-414F-A544-EBE7A8C12413}.Release|Any CPU.Build.0 = Release|Any CPU
		{5A731A2D-A0E9-421E-94B8-474DF3F576EF}.Debug|Any CPU.ActiveCfg = Debug|Any CPU
		{5A731A2D-A0E9-421E-94B8-474DF3F576EF}.Debug|Any CPU.Build.0 = Debug|Any CPU
		{5A731A2D-A0E9-421E-94B8-474DF3F576EF}.Release|Any CPU.ActiveCfg = Release|Any CPU
		{5A731A2D-A0E9-421E-94B8-474DF3F576EF}.Release|Any CPU.Build.0 = Release|Any CPU
		{03D4D782-B0E0-4919-B416-3DF36F1D413F}.Debug|Any CPU.ActiveCfg = Debug|Any CPU
		{03D4D782-B0E0-4919-B416-3DF36F1D413F}.Debug|Any CPU.Build.0 = Debug|Any CPU
		{03D4D782-B0E0-4919-B416-3DF36F1D413F}.Release|Any CPU.ActiveCfg = Release|Any CPU
		{03D4D782-B0E0-4919-B416-3DF36F1D413F}.Release|Any CPU.Build.0 = Release|Any CPU
	EndGlobalSection
	GlobalSection(SolutionProperties) = preSolution
		HideSolutionNode = FALSE
	EndGlobalSection
EndGlobal
